
Microsoft Visual Studio Solution File, Format Version 12.00
# Visual Studio 15
VisualStudioVersion = 15.0.27428.2011
MinimumVisualStudioVersion = 10.0.40219.1
Project("{FAE04EC0-301F-11D3-BF4B-00C04F79EFBC}") = "WoTUtil", "WoTUtil\WoTUtil.csproj", "{32A014D1-ADEF-4D00-8205-11F1FD927523}"
EndProject
Project("{FAE04EC0-301F-11D3-BF4B-00C04F79EFBC}") = "WCLUtilityGui", "WCLUtilityGui\WCLUtilityGui.csproj", "{6401F3C0-C180-4205-82B6-7E5BE5DF47A5}"
EndProject
Project("{2150E333-8FDC-42A3-9474-1A3956D46DE8}") = "Solution Items", "Solution Items", "{C9D6BA60-DA5F-48E5-BF39-E01D98A59B2F}"
	ProjectSection(SolutionItems) = preProject
		README.html = README.html
		README.md = README.md
	EndProjectSection
EndProject
Global
	GlobalSection(SolutionConfigurationPlatforms) = preSolution
		Debug|Any CPU = Debug|Any CPU
		Release|Any CPU = Release|Any CPU
	EndGlobalSection
	GlobalSection(ProjectConfigurationPlatforms) = postSolution
		{32A014D1-ADEF-4D00-8205-11F1FD927523}.Debug|Any CPU.ActiveCfg = Debug|Any CPU
		{32A014D1-ADEF-4D00-8205-11F1FD927523}.Debug|Any CPU.Build.0 = Debug|Any CPU
		{32A014D1-ADEF-4D00-8205-11F1FD927523}.Release|Any CPU.ActiveCfg = Release|Any CPU
		{32A014D1-ADEF-4D00-8205-11F1FD927523}.Release|Any CPU.Build.0 = Release|Any CPU
		{6401F3C0-C180-4205-82B6-7E5BE5DF47A5}.Debug|Any CPU.ActiveCfg = Debug|Any CPU
		{6401F3C0-C180-4205-82B6-7E5BE5DF47A5}.Debug|Any CPU.Build.0 = Debug|Any CPU
		{6401F3C0-C180-4205-82B6-7E5BE5DF47A5}.Release|Any CPU.ActiveCfg = Release|Any CPU
		{6401F3C0-C180-4205-82B6-7E5BE5DF47A5}.Release|Any CPU.Build.0 = Release|Any CPU
	EndGlobalSection
	GlobalSection(SolutionProperties) = preSolution
		HideSolutionNode = FALSE
	EndGlobalSection
	GlobalSection(ExtensibilityGlobals) = postSolution
		SolutionGuid = {C4155495-0802-4BE0-8B37-F3255FF3C9BA}
	EndGlobalSection
EndGlobal
